// !$*UTF8*$!
{
	archiveVersion = 1;
	classes = {
	};
	objectVersion = 50;
	objects = {

/* Begin PBXBuildFile section */
		2B1ADC7D24AA0EE500F31EDD /* AppDelegate.swift in Sources */ = {isa = PBXBuildFile; fileRef = 2B1ADC7C24AA0EE500F31EDD /* AppDelegate.swift */; };
		2B1ADC7F24AA0EE500F31EDD /* SceneDelegate.swift in Sources */ = {isa = PBXBuildFile; fileRef = 2B1ADC7E24AA0EE500F31EDD /* SceneDelegate.swift */; };
		2B1ADC8124AA0EE500F31EDD /* ViewController.swift in Sources */ = {isa = PBXBuildFile; fileRef = 2B1ADC8024AA0EE500F31EDD /* ViewController.swift */; };
		2B1ADC8424AA0EE500F31EDD /* Main.storyboard in Resources */ = {isa = PBXBuildFile; fileRef = 2B1ADC8224AA0EE500F31EDD /* Main.storyboard */; };
		2B1ADC8624AA0EEA00F31EDD /* Assets.xcassets in Resources */ = {isa = PBXBuildFile; fileRef = 2B1ADC8524AA0EEA00F31EDD /* Assets.xcassets */; };
		2B1ADC8924AA0EEA00F31EDD /* LaunchScreen.storyboard in Resources */ = {isa = PBXBuildFile; fileRef = 2B1ADC8724AA0EEA00F31EDD /* LaunchScreen.storyboard */; };
/* End PBXBuildFile section */

/* Begin PBXFileReference section */
		2B1ADC7924AA0EE500F31EDD /* Hydro.app */ = {isa = PBXFileReference; explicitFileType = wrapper.application; includeInIndex = 0; path = Hydro.app; sourceTree = BUILT_PRODUCTS_DIR; };
		2B1ADC7C24AA0EE500F31EDD /* AppDelegate.swift */ = {isa = PBXFileReference; lastKnownFileType = sourcecode.swift; path = AppDelegate.swift; sourceTree = "<group>"; };
		2B1ADC7E24AA0EE500F31EDD /* SceneDelegate.swift */ = {isa = PBXFileReference; lastKnownFileType = sourcecode.swift; path = SceneDelegate.swift; sourceTree = "<group>"; };
		2B1ADC8024AA0EE500F31EDD /* ViewController.swift */ = {isa = PBXFileReference; lastKnownFileType = sourcecode.swift; path = ViewController.swift; sourceTree = "<group>"; };
		2B1ADC8324AA0EE500F31EDD /* Base */ = {isa = PBXFileReference; lastKnownFileType = file.storyboard; name = Base; path = Base.lproj/Main.storyboard; sourceTree = "<group>"; };
		2B1ADC8524AA0EEA00F31EDD /* Assets.xcassets */ = {isa = PBXFileReference; lastKnownFileType = folder.assetcatalog; path = Assets.xcassets; sourceTree = "<group>"; };
		2B1ADC8824AA0EEA00F31EDD /* Base */ = {isa = PBXFileReference; lastKnownFileType = file.storyboard; name = Base; path = Base.lproj/LaunchScreen.storyboard; sourceTree = "<group>"; };
		2B1ADC8A24AA0EEA00F31EDD /* Info.plist */ = {isa = PBXFileReference; lastKnownFileType = text.plist.xml; path = Info.plist; sourceTree = "<group>"; };
/* End PBXFileReference section */

/* Begin PBXFrameworksBuildPhase section */
		2B1ADC7624AA0EE500F31EDD /* Frameworks */ = {
			isa = PBXFrameworksBuildPhase;
			buildActionMask = 2147483647;
			files = (
			);
			runOnlyForDeploymentPostprocessing = 0;
		};
/* End PBXFrameworksBuildPhase section */

/* Begin PBXGroup section */
		2B1ADC7024AA0EE500F31EDD = {
			isa = PBXGroup;
			children = (
				2B1ADC7B24AA0EE500F31EDD /* Hydro */,
				2B1ADC7A24AA0EE500F31EDD /* Products */,
			);
			sourceTree = "<group>";
		};
		2B1ADC7A24AA0EE500F31EDD /* Products */ = {
			isa = PBXGroup;
			children = (
				2B1ADC7924AA0EE500F31EDD /* Hydro.app */,
			);
			name = Products;
			sourceTree = "<group>";
		};
		2B1ADC7B24AA0EE500F31EDD /* Hydro */ = {
			isa = PBXGroup;
			children = (
				2B1ADC7C24AA0EE500F31EDD /* AppDelegate.swift */,
				2B1ADC7E24AA0EE500F31EDD /* SceneDelegate.swift */,
				2B1ADC8024AA0EE500F31EDD /* ViewController.swift */,
				2B1ADC8224AA0EE500F31EDD /* Main.storyboard */,
				2B1ADC8524AA0EEA00F31EDD /* Assets.xcassets */,
				2B1ADC8724AA0EEA00F31EDD /* LaunchScreen.storyboard */,
				2B1ADC8A24AA0EEA00F31EDD /* Info.plist */,
			);
			path = Hydro;
			sourceTree = "<group>";
		};
/* End PBXGroup section */

/* Begin PBXNativeTarget section */
		2B1ADC7824AA0EE500F31EDD /* Hydro */ = {
			isa = PBXNativeTarget;
			buildConfigurationList = 2B1ADC8D24AA0EEA00F31EDD /* Build configuration list for PBXNativeTarget "Hydro" */;
			buildPhases = (
				2B1ADC7524AA0EE500F31EDD /* Sources */,
				2B1ADC7624AA0EE500F31EDD /* Frameworks */,
				2B1ADC7724AA0EE500F31EDD /* Resources */,
			);
			buildRules = (
			);
			dependencies = (
			);
			name = Hydro;
			productName = Hydro;
			productReference = 2B1ADC7924AA0EE500F31EDD /* Hydro.app */;
			productType = "com.apple.product-type.application";
		};
/* End PBXNativeTarget section */

/* Begin PBXProject section */
		2B1ADC7124AA0EE500F31EDD /* Project object */ = {
			isa = PBXProject;
			attributes = {
				LastSwiftUpdateCheck = 1150;
				LastUpgradeCheck = 1150;
				ORGANIZATIONNAME = "Michal Podroužek";
				TargetAttributes = {
					2B1ADC7824AA0EE500F31EDD = {
						CreatedOnToolsVersion = 11.5;
					};
				};
			};
			buildConfigurationList = 2B1ADC7424AA0EE500F31EDD /* Build configuration list for PBXProject "Hydro" */;
			compatibilityVersion = "Xcode 9.3";
			developmentRegion = en;
			hasScannedForEncodings = 0;
			knownRegions = (
				en,
				Base,
			);
			mainGroup = 2B1ADC7024AA0EE500F31EDD;
			productRefGroup = 2B1ADC7A24AA0EE500F31EDD /* Products */;
			projectDirPath = "";
			projectRoot = "";
			targets = (
				2B1ADC7824AA0EE500F31EDD /* Hydro */,
			);
		};
/* End PBXProject section */

/* Begin PBXResourcesBuildPhase section */
		2B1ADC7724AA0EE500F31EDD /* Resources */ = {
			isa = PBXResourcesBuildPhase;
			buildActionMask = 2147483647;
			files = (
				2B1ADC8924AA0EEA00F31EDD /* LaunchScreen.storyboard in Resources */,
				2B1ADC8624AA0EEA00F31EDD /* Assets.xcassets in Resources */,
				2B1ADC8424AA0EE500F31EDD /* Main.storyboard in Resources */,
			);
			runOnlyForDeploymentPostprocessing = 0;
		};
/* End PBXResourcesBuildPhase section */

/* Begin PBXSourcesBuildPhase section */
		2B1ADC7524AA0EE500F31EDD /* Sources */ = {
			isa = PBXSourcesBuildPhase;
			buildActionMask = 2147483647;
			files = (
				2B1ADC8124AA0EE500F31EDD /* ViewController.swift in Sources */,
				2B1ADC7D24AA0EE500F31EDD /* AppDelegate.swift in Sources */,
				2B1ADC7F24AA0EE500F31EDD /* SceneDelegate.swift in Sources */,
			);
			runOnlyForDeploymentPostprocessing = 0;
		};
/* End PBXSourcesBuildPhase section */

/* Begin PBXVariantGroup section */
		2B1ADC8224AA0EE500F31EDD /* Main.storyboard */ = {
			isa = PBXVariantGroup;
			children = (
				2B1ADC8324AA0EE500F31EDD /* Base */,
			);
			name = Main.storyboard;
			sourceTree = "<group>";
		};
		2B1ADC8724AA0EEA00F31EDD /* LaunchScreen.storyboard */ = {
			isa = PBXVariantGroup;
			children = (
				2B1ADC8824AA0EEA00F31EDD /* Base */,
			);
			name = LaunchScreen.storyboard;
			sourceTree = "<group>";
		};
/* End PBXVariantGroup section */

/* Begin XCBuildConfiguration section */
		2B1ADC8B24AA0EEA00F31EDD /* Debug */ = {
			isa = XCBuildConfiguration;
			buildSettings = {
				ALWAYS_SEARCH_USER_PATHS = NO;
				CLANG_ANALYZER_NONNULL = YES;
				CLANG_ANALYZER_NUMBER_OBJECT_CONVERSION = YES_AGGRESSIVE;
				CLANG_CXX_LANGUAGE_STANDARD = "gnu++14";
				CLANG_CXX_LIBRARY = "libc++";
				CLANG_ENABLE_MODULES = YES;
				CLANG_ENABLE_OBJC_ARC = YES;
				CLANG_ENABLE_OBJC_WEAK = YES;
				CLANG_WARN_BLOCK_CAPTURE_AUTORELEASING = YES;
				CLANG_WARN_BOOL_CONVERSION = YES;
				CLANG_WARN_COMMA = YES;
				CLANG_WARN_CONSTANT_CONVERSION = YES;
				CLANG_WARN_DEPRECATED_OBJC_IMPLEMENTATIONS = YES;
				CLANG_WARN_DIRECT_OBJC_ISA_USAGE = YES_ERROR;
				CLANG_WARN_DOCUMENTATION_COMMENTS = YES;
				CLANG_WARN_EMPTY_BODY = YES;
				CLANG_WARN_ENUM_CONVERSION = YES;
				CLANG_WARN_INFINITE_RECURSION = YES;
				CLANG_WARN_INT_CONVERSION = YES;
				CLANG_WARN_NON_LITERAL_NULL_CONVERSION = YES;
				CLANG_WARN_OBJC_IMPLICIT_RETAIN_SELF = YES;
				CLANG_WARN_OBJC_LITERAL_CONVERSION = YES;
				CLANG_WARN_OBJC_ROOT_CLASS = YES_ERROR;
				CLANG_WARN_RANGE_LOOP_ANALYSIS = YES;
				CLANG_WARN_STRICT_PROTOTYPES = YES;
				CLANG_WARN_SUSPICIOUS_MOVE = YES;
				CLANG_WARN_UNGUARDED_AVAILABILITY = YES_AGGRESSIVE;
				CLANG_WARN_UNREACHABLE_CODE = YES;
				CLANG_WARN__DUPLICATE_METHOD_MATCH = YES;
				COPY_PHASE_STRIP = NO;
				DEBUG_INFORMATION_FORMAT = dwarf;
				ENABLE_STRICT_OBJC_MSGSEND = YES;
				ENABLE_TESTABILITY = YES;
				GCC_C_LANGUAGE_STANDARD = gnu11;
				GCC_DYNAMIC_NO_PIC = NO;
				GCC_NO_COMMON_BLOCKS = YES;
				GCC_OPTIMIZATION_LEVEL = 0;
				GCC_PREPROCESSOR_DEFINITIONS = (
					"DEBUG=1",
					"$(inherited)",
				);
				GCC_WARN_64_TO_32_BIT_CONVERSION = YES;
				GCC_WARN_ABOUT_RETURN_TYPE = YES_ERROR;
				GCC_WARN_UNDECLARED_SELECTOR = YES;
				GCC_WARN_UNINITIALIZED_AUTOS = YES_AGGRESSIVE;
				GCC_WARN_UNUSED_FUNCTION = YES;
				GCC_WARN_UNUSED_VARIABLE = YES;
				IPHONEOS_DEPLOYMENT_TARGET = 13.5;
				MTL_ENABLE_DEBUG_INFO = INCLUDE_SOURCE;
				MTL_FAST_MATH = YES;
				ONLY_ACTIVE_ARCH = YES;
				SDKROOT = iphoneos;
				SWIFT_ACTIVE_COMPILATION_CONDITIONS = DEBUG;
				SWIFT_OPTIMIZATION_LEVEL = "-Onone";
			};
			name = Debug;
		};
		2B1ADC8C24AA0EEA00F31EDD /* Release */ = {
			isa = XCBuildConfiguration;
			buildSettings = {
				ALWAYS_SEARCH_USER_PATHS = NO;
				CLANG_ANALYZER_NONNULL = YES;
				CLANG_ANALYZER_NUMBER_OBJECT_CONVERSION = YES_AGGRESSIVE;
				CLANG_CXX_LANGUAGE_STANDARD = "gnu++14";
				CLANG_CXX_LIBRARY = "libc++";
				CLANG_ENABLE_MODULES = YES;
				CLANG_ENABLE_OBJC_ARC = YES;
				CLANG_ENABLE_OBJC_WEAK = YES;
				CLANG_WARN_BLOCK_CAPTURE_AUTORELEASING = YES;
				CLANG_WARN_BOOL_CONVERSION = YES;
				CLANG_WARN_COMMA = YES;
				CLANG_WARN_CONSTANT_CONVERSION = YES;
				CLANG_WARN_DEPRECATED_OBJC_IMPLEMENTATIONS = YES;
				CLANG_WARN_DIRECT_OBJC_ISA_USAGE = YES_ERROR;
				CLANG_WARN_DOCUMENTATION_COMMENTS = YES;
				CLANG_WARN_EMPTY_BODY = YES;
				CLANG_WARN_ENUM_CONVERSION = YES;
				CLANG_WARN_INFINITE_RECURSION = YES;
				CLANG_WARN_INT_CONVERSION = YES;
				CLANG_WARN_NON_LITERAL_NULL_CONVERSION = YES;
				CLANG_WARN_OBJC_IMPLICIT_RETAIN_SELF = YES;
				CLANG_WARN_OBJC_LITERAL_CONVERSION = YES;
				CLANG_WARN_OBJC_ROOT_CLASS = YES_ERROR;
				CLANG_WARN_RANGE_LOOP_ANALYSIS = YES;
				CLANG_WARN_STRICT_PROTOTYPES = YES;
				CLANG_WARN_SUSPICIOUS_MOVE = YES;
				CLANG_WARN_UNGUARDED_AVAILABILITY = YES_AGGRESSIVE;
				CLANG_WARN_UNREACHABLE_CODE = YES;
				CLANG_WARN__DUPLICATE_METHOD_MATCH = YES;
				COPY_PHASE_STRIP = NO;
				DEBUG_INFORMATION_FORMAT = "dwarf-with-dsym";
				ENABLE_NS_ASSERTIONS = NO;
				ENABLE_STRICT_OBJC_MSGSEND = YES;
				GCC_C_LANGUAGE_STANDARD = gnu11;
				GCC_NO_COMMON_BLOCKS = YES;
				GCC_WARN_64_TO_32_BIT_CONVERSION = YES;
				GCC_WARN_ABOUT_RETURN_TYPE = YES_ERROR;
				GCC_WARN_UNDECLARED_SELECTOR = YES;
				GCC_WARN_UNINITIALIZED_AUTOS = YES_AGGRESSIVE;
				GCC_WARN_UNUSED_FUNCTION = YES;
				GCC_WARN_UNUSED_VARIABLE = YES;
				IPHONEOS_DEPLOYMENT_TARGET = 13.5;
				MTL_ENABLE_DEBUG_INFO = NO;
				MTL_FAST_MATH = YES;
				SDKROOT = iphoneos;
				SWIFT_COMPILATION_MODE = wholemodule;
				SWIFT_OPTIMIZATION_LEVEL = "-O";
				VALIDATE_PRODUCT = YES;
			};
			name = Release;
		};
		2B1ADC8E24AA0EEA00F31EDD /* Debug */ = {
			isa = XCBuildConfiguration;
			buildSettings = {
				ASSETCATALOG_COMPILER_APPICON_NAME = AppIcon;
				CODE_SIGN_STYLE = Automatic;
				DEVELOPMENT_TEAM = 2SY98F796R;
				INFOPLIST_FILE = Hydro/Info.plist;
				LD_RUNPATH_SEARCH_PATHS = (
					"$(inherited)",
					"@executable_path/Frameworks",
				);
				PRODUCT_BUNDLE_IDENTIFIER = com.podrouzek.Hydro;
				PRODUCT_NAME = "$(TARGET_NAME)";
				SWIFT_VERSION = 5.0;
				TARGETED_DEVICE_FAMILY = "1,2";
			};
			name = Debug;
		};
		2B1ADC8F24AA0EEA00F31EDD /* Release */ = {
			isa = XCBuildConfiguration;
			buildSettings = {
				ASSETCATALOG_COMPILER_APPICON_NAME = AppIcon;
				CODE_SIGN_STYLE = Automatic;
				DEVELOPMENT_TEAM = 2SY98F796R;
				INFOPLIST_FILE = Hydro/Info.plist;
				LD_RUNPATH_SEARCH_PATHS = (
					"$(inherited)",
					"@executable_path/Frameworks",
				);
				PRODUCT_BUNDLE_IDENTIFIER = com.podrouzek.Hydro;
				PRODUCT_NAME = "$(TARGET_NAME)";
				SWIFT_VERSION = 5.0;
				TARGETED_DEVICE_FAMILY = "1,2";
			};
			name = Release;
		};
/* End XCBuildConfiguration section */

/* Begin XCConfigurationList section */
		2B1ADC7424AA0EE500F31EDD /* Build configuration list for PBXProject "Hydro" */ = {
			isa = XCConfigurationList;
			buildConfigurations = (
				2B1ADC8B24AA0EEA00F31EDD /* Debug */,
				2B1ADC8C24AA0EEA00F31EDD /* Release */,
			);
			defaultConfigurationIsVisible = 0;
			defaultConfigurationName = Release;
		};
		2B1ADC8D24AA0EEA00F31EDD /* Build configuration list for PBXNativeTarget "Hydro" */ = {
			isa = XCConfigurationList;
			buildConfigurations = (
				2B1ADC8E24AA0EEA00F31EDD /* Debug */,
				2B1ADC8F24AA0EEA00F31EDD /* Release */,
			);
			defaultConfigurationIsVisible = 0;
			defaultConfigurationName = Release;
		};
/* End XCConfigurationList section */
	};
	rootObject = 2B1ADC7124AA0EE500F31EDD /* Project object */;
}
